
Microsoft Visual Studio Solution File, Format Version 12.00
# Visual Studio Version 17
VisualStudioVersion = 17.11.35312.102
MinimumVisualStudioVersion = 10.0.40219.1
Project("{2150E333-8FDC-42A3-9474-1A3956D46DE8}") = "Task0", "Task0", "{98D66172-549D-4BD0-9549-87C35FF5C9A1}"
EndProject
Project("{FAE04EC0-301F-11D3-BF4B-00C04F79EFBC}") = "Tyuiu.AntonovNS.Sprint4.Task0.V29", "Tyuiu.AntonovNS.Sprint4.Task0.V29\Tyuiu.AntonovNS.Sprint4.Task0.V29.csproj", "{18EDB9D1-78AC-4202-976E-17CFD49BD99D}"
EndProject
Project("{FAE04EC0-301F-11D3-BF4B-00C04F79EFBC}") = "Tyuiu.AntonovNS.Sprint4.Task0.V29.Test", "Tyuiu.AntonovNS.Sprint4.Task0.V29.Test\Tyuiu.AntonovNS.Sprint4.Task0.V29.Test.csproj", "{6A968EDE-8316-487F-8E9C-9EBC9FF904E7}"
EndProject
Project("{FAE04EC0-301F-11D3-BF4B-00C04F79EFBC}") = "Tyuiu.AntonovNS.Sprint4.Task0.V29.Lib", "Tyuiu.AntonovNS.Sprint4.Task0.V29.Lib\Tyuiu.AntonovNS.Sprint4.Task0.V29.Lib.csproj", "{4BA2C5AE-C386-47E3-8544-50320ED1CED5}"
EndProject
Project("{2150E333-8FDC-42A3-9474-1A3956D46DE8}") = "Task1", "Task1", "{776F223B-05CB-4673-AFB5-853F727950BE}"
EndProject
Project("{FAE04EC0-301F-11D3-BF4B-00C04F79EFBC}") = "Tyuiu.AntonovNS.Sprint4.Task1.V21", "Tyuiu.AntonovNS.Sprint4.Task1.V21\Tyuiu.AntonovNS.Sprint4.Task1.V21.csproj", "{8C345542-437C-473E-945A-D947417E8FCD}"
EndProject
Project("{FAE04EC0-301F-11D3-BF4B-00C04F79EFBC}") = "Tyuiu.AntonovNS.Sprint4.Task1.V21.Test", "Tyuiu.AntonovNS.Sprint4.Task1.V21.Test\Tyuiu.AntonovNS.Sprint4.Task1.V21.Test.csproj", "{CFD7FA94-3350-455E-AC98-0686DE3FA105}"
EndProject
Project("{FAE04EC0-301F-11D3-BF4B-00C04F79EFBC}") = "Tyuiu.AntonovNS.Sprint4.Task1.V21.Lib", "Tyuiu.AntonovNS.Sprint4.Task1.V21.Lib\Tyuiu.AntonovNS.Sprint4.Task1.V21.Lib.csproj", "{E47B7FD9-D0CF-4C6D-952E-2DE67F2750C0}"
EndProject
Project("{2150E333-8FDC-42A3-9474-1A3956D46DE8}") = "Task2", "Task2", "{11E9B145-FCF4-492E-9C5C-C722F6707007}"
EndProject
Project("{FAE04EC0-301F-11D3-BF4B-00C04F79EFBC}") = "Tyuiu.AntonovNS.Sprint4.Task2.V24", "Tyuiu.AntonovNS.Sprint4.Task2.V24\Tyuiu.AntonovNS.Sprint4.Task2.V24.csproj", "{7225E547-6CCA-4AB3-8CC4-DB7D40A8598B}"
EndProject
Project("{FAE04EC0-301F-11D3-BF4B-00C04F79EFBC}") = "Tyuiu.AntonovNS.Sprint4.Task2.V24.Test", "Tyuiu.AntonovNS.Sprint4.Task2.V24.Test\Tyuiu.AntonovNS.Sprint4.Task2.V24.Test.csproj", "{E48B7083-06FC-4EF8-84F8-503D5EB42BEB}"
EndProject
Project("{FAE04EC0-301F-11D3-BF4B-00C04F79EFBC}") = "Tyuiu.AntonovNS.Sprint4.Task2.V24.Lib", "Tyuiu.AntonovNS.Sprint4.Task2.V24.Lib\Tyuiu.AntonovNS.Sprint4.Task2.V24.Lib.csproj", "{A754EC4A-3B45-42C9-A951-5C416571D90D}"
EndProject
Global
	GlobalSection(SolutionConfigurationPlatforms) = preSolution
		Debug|Any CPU = Debug|Any CPU
		Release|Any CPU = Release|Any CPU
	EndGlobalSection
	GlobalSection(ProjectConfigurationPlatforms) = postSolution
		{18EDB9D1-78AC-4202-976E-17CFD49BD99D}.Debug|Any CPU.ActiveCfg = Debug|Any CPU
		{18EDB9D1-78AC-4202-976E-17CFD49BD99D}.Debug|Any CPU.Build.0 = Debug|Any CPU
		{18EDB9D1-78AC-4202-976E-17CFD49BD99D}.Release|Any CPU.ActiveCfg = Release|Any CPU
		{18EDB9D1-78AC-4202-976E-17CFD49BD99D}.Release|Any CPU.Build.0 = Release|Any CPU
		{6A968EDE-8316-487F-8E9C-9EBC9FF904E7}.Debug|Any CPU.ActiveCfg = Debug|Any CPU
		{6A968EDE-8316-487F-8E9C-9EBC9FF904E7}.Debug|Any CPU.Build.0 = Debug|Any CPU
		{6A968EDE-8316-487F-8E9C-9EBC9FF904E7}.Release|Any CPU.ActiveCfg = Release|Any CPU
		{6A968EDE-8316-487F-8E9C-9EBC9FF904E7}.Release|Any CPU.Build.0 = Release|Any CPU
		{4BA2C5AE-C386-47E3-8544-50320ED1CED5}.Debug|Any CPU.ActiveCfg = Debug|Any CPU
		{4BA2C5AE-C386-47E3-8544-50320ED1CED5}.Debug|Any CPU.Build.0 = Debug|Any CPU
		{4BA2C5AE-C386-47E3-8544-50320ED1CED5}.Release|Any CPU.ActiveCfg = Release|Any CPU
		{4BA2C5AE-C386-47E3-8544-50320ED1CED5}.Release|Any CPU.Build.0 = Release|Any CPU
		{8C345542-437C-473E-945A-D947417E8FCD}.Debug|Any CPU.ActiveCfg = Debug|Any CPU
		{8C345542-437C-473E-945A-D947417E8FCD}.Debug|Any CPU.Build.0 = Debug|Any CPU
		{8C345542-437C-473E-945A-D947417E8FCD}.Release|Any CPU.ActiveCfg = Release|Any CPU
		{8C345542-437C-473E-945A-D947417E8FCD}.Release|Any CPU.Build.0 = Release|Any CPU
		{CFD7FA94-3350-455E-AC98-0686DE3FA105}.Debug|Any CPU.ActiveCfg = Debug|Any CPU
		{CFD7FA94-3350-455E-AC98-0686DE3FA105}.Debug|Any CPU.Build.0 = Debug|Any CPU
		{CFD7FA94-3350-455E-AC98-0686DE3FA105}.Release|Any CPU.ActiveCfg = Release|Any CPU
		{CFD7FA94-3350-455E-AC98-0686DE3FA105}.Release|Any CPU.Build.0 = Release|Any CPU
		{E47B7FD9-D0CF-4C6D-952E-2DE67F2750C0}.Debug|Any CPU.ActiveCfg = Debug|Any CPU
		{E47B7FD9-D0CF-4C6D-952E-2DE67F2750C0}.Debug|Any CPU.Build.0 = Debug|Any CPU
		{E47B7FD9-D0CF-4C6D-952E-2DE67F2750C0}.Release|Any CPU.ActiveCfg = Release|Any CPU
		{E47B7FD9-D0CF-4C6D-952E-2DE67F2750C0}.Release|Any CPU.Build.0 = Release|Any CPU
		{7225E547-6CCA-4AB3-8CC4-DB7D40A8598B}.Debug|Any CPU.ActiveCfg = Debug|Any CPU
		{7225E547-6CCA-4AB3-8CC4-DB7D40A8598B}.Debug|Any CPU.Build.0 = Debug|Any CPU
		{7225E547-6CCA-4AB3-8CC4-DB7D40A8598B}.Release|Any CPU.ActiveCfg = Release|Any CPU
		{7225E547-6CCA-4AB3-8CC4-DB7D40A8598B}.Release|Any CPU.Build.0 = Release|Any CPU
		{E48B7083-06FC-4EF8-84F8-503D5EB42BEB}.Debug|Any CPU.ActiveCfg = Debug|Any CPU
		{E48B7083-06FC-4EF8-84F8-503D5EB42BEB}.Debug|Any CPU.Build.0 = Debug|Any CPU
		{E48B7083-06FC-4EF8-84F8-503D5EB42BEB}.Release|Any CPU.ActiveCfg = Release|Any CPU
		{E48B7083-06FC-4EF8-84F8-503D5EB42BEB}.Release|Any CPU.Build.0 = Release|Any CPU
		{A754EC4A-3B45-42C9-A951-5C416571D90D}.Debug|Any CPU.ActiveCfg = Debug|Any CPU
		{A754EC4A-3B45-42C9-A951-5C416571D90D}.Debug|Any CPU.Build.0 = Debug|Any CPU
		{A754EC4A-3B45-42C9-A951-5C416571D90D}.Release|Any CPU.ActiveCfg = Release|Any CPU
		{A754EC4A-3B45-42C9-A951-5C416571D90D}.Release|Any CPU.Build.0 = Release|Any CPU
	EndGlobalSection
	GlobalSection(SolutionProperties) = preSolution
		HideSolutionNode = FALSE
	EndGlobalSection
	GlobalSection(NestedProjects) = preSolution
		{18EDB9D1-78AC-4202-976E-17CFD49BD99D} = {98D66172-549D-4BD0-9549-87C35FF5C9A1}
		{6A968EDE-8316-487F-8E9C-9EBC9FF904E7} = {98D66172-549D-4BD0-9549-87C35FF5C9A1}
		{4BA2C5AE-C386-47E3-8544-50320ED1CED5} = {98D66172-549D-4BD0-9549-87C35FF5C9A1}
		{8C345542-437C-473E-945A-D947417E8FCD} = {776F223B-05CB-4673-AFB5-853F727950BE}
		{CFD7FA94-3350-455E-AC98-0686DE3FA105} = {776F223B-05CB-4673-AFB5-853F727950BE}
		{E47B7FD9-D0CF-4C6D-952E-2DE67F2750C0} = {776F223B-05CB-4673-AFB5-853F727950BE}
		{7225E547-6CCA-4AB3-8CC4-DB7D40A8598B} = {11E9B145-FCF4-492E-9C5C-C722F6707007}
		{E48B7083-06FC-4EF8-84F8-503D5EB42BEB} = {11E9B145-FCF4-492E-9C5C-C722F6707007}
		{A754EC4A-3B45-42C9-A951-5C416571D90D} = {11E9B145-FCF4-492E-9C5C-C722F6707007}
	EndGlobalSection
	GlobalSection(ExtensibilityGlobals) = postSolution
		SolutionGuid = {EDCDDB44-D808-42CA-B6AF-A7EC8D14365D}
	EndGlobalSection
EndGlobal
